// !$*UTF8*$!
{
	archiveVersion = 1;
	classes = {
	};
	objectVersion = 77;
	objects = {

/* Begin PBXContainerItemProxy section */
		40BC13172E370D4200EEDF35 /* PBXContainerItemProxy */ = {
			isa = PBXContainerItemProxy;
			containerPortal = 40BC12FE2E370D4000EEDF35 /* Project object */;
			proxyType = 1;
			remoteGlobalIDString = 40BC13052E370D4000EEDF35;
			remoteInfo = "Team Airavata Hub";
		};
		40BC13212E370D4200EEDF35 /* PBXContainerItemProxy */ = {
			isa = PBXContainerItemProxy;
			containerPortal = 40BC12FE2E370D4000EEDF35 /* Project object */;
			proxyType = 1;
			remoteGlobalIDString = 40BC13052E370D4000EEDF35;
			remoteInfo = "Team Airavata Hub";
		};
/* End PBXContainerItemProxy section */

/* Begin PBXFileReference section */
		40BC13062E370D4000EEDF35 /* Clipboard History.app */ = {isa = PBXFileReference; explicitFileType = wrapper.application; includeInIndex = 0; path = "Clipboard History.app"; sourceTree = BUILT_PRODUCTS_DIR; };
		40BC13162E370D4200EEDF35 /* Clipboard HistoryTests.xctest */ = {isa = PBXFileReference; explicitFileType = wrapper.cfbundle; includeInIndex = 0; path = "Clipboard HistoryTests.xctest"; sourceTree = BUILT_PRODUCTS_DIR; };
		40BC13202E370D4200EEDF35 /* Clipboard HistoryUITests.xctest */ = {isa = PBXFileReference; explicitFileType = wrapper.cfbundle; includeInIndex = 0; path = "Clipboard HistoryUITests.xctest"; sourceTree = BUILT_PRODUCTS_DIR; };
/* End PBXFileReference section */

/* Begin PBXFileSystemSynchronizedRootGroup section */
		40BC13082E370D4000EEDF35 /* Team Airavata Hub */ = {
			isa = PBXFileSystemSynchronizedRootGroup;
			path = "Team Airavata Hub";
			sourceTree = "<group>";
		};
		40BC13192E370D4200EEDF35 /* Team Airavata HubTests */ = {
			isa = PBXFileSystemSynchronizedRootGroup;
			path = "Team Airavata HubTests";
			sourceTree = "<group>";
		};
		40BC13232E370D4200EEDF35 /* Team Airavata HubUITests */ = {
			isa = PBXFileSystemSynchronizedRootGroup;
			path = "Team Airavata HubUITests";
			sourceTree = "<group>";
		};
/* End PBXFileSystemSynchronizedRootGroup section */

/* Begin PBXFrameworksBuildPhase section */
		40BC13032E370D4000EEDF35 /* Frameworks */ = {
			isa = PBXFrameworksBuildPhase;
			buildActionMask = 2147483647;
			files = (
			);
			runOnlyForDeploymentPostprocessing = 0;
		};
		40BC13132E370D4200EEDF35 /* Frameworks */ = {
			isa = PBXFrameworksBuildPhase;
			buildActionMask = 2147483647;
			files = (
			);
			runOnlyForDeploymentPostprocessing = 0;
		};
		40BC131D2E370D4200EEDF35 /* Frameworks */ = {
			isa = PBXFrameworksBuildPhase;
			buildActionMask = 2147483647;
			files = (
			);
			runOnlyForDeploymentPostprocessing = 0;
		};
/* End PBXFrameworksBuildPhase section */

/* Begin PBXGroup section */
		40BC12FD2E370D4000EEDF35 = {
			isa = PBXGroup;
			children = (
				40BC13082E370D4000EEDF35 /* Team Airavata Hub */,
				40BC13192E370D4200EEDF35 /* Team Airavata HubTests */,
				40BC13232E370D4200EEDF35 /* Team Airavata HubUITests */,
				40BC13072E370D4000EEDF35 /* Products */,
			);
			sourceTree = "<group>";
		};
		40BC13072E370D4000EEDF35 /* Products */ = {
			isa = PBXGroup;
			children = (
				40BC13062E370D4000EEDF35 /* Clipboard History.app */,
				40BC13162E370D4200EEDF35 /* Clipboard HistoryTests.xctest */,
				40BC13202E370D4200EEDF35 /* Clipboard HistoryUITests.xctest */,
			);
			name = Products;
			sourceTree = "<group>";
		};
/* End PBXGroup section */

/* Begin PBXNativeTarget section */
		40BC13052E370D4000EEDF35 /* Clipboard History */ = {
			isa = PBXNativeTarget;
			buildConfigurationList = 40BC132A2E370D4200EEDF35 /* Build configuration list for PBXNativeTarget "Clipboard History" */;
			buildPhases = (
				40BC13022E370D4000EEDF35 /* Sources */,
				40BC13032E370D4000EEDF35 /* Frameworks */,
				40BC13042E370D4000EEDF35 /* Resources */,
			);
			buildRules = (
			);
			dependencies = (
			);
			fileSystemSynchronizedGroups = (
				40BC13082E370D4000EEDF35 /* Team Airavata Hub */,
			);
			name = "Clipboard History";
			packageProductDependencies = (
			);
			productName = "Team Airavata Hub";
			productReference = 40BC13062E370D4000EEDF35 /* Clipboard History.app */;
			productType = "com.apple.product-type.application";
		};
		40BC13152E370D4200EEDF35 /* Clipboard HistoryTests */ = {
			isa = PBXNativeTarget;
			buildConfigurationList = 40BC132D2E370D4200EEDF35 /* Build configuration list for PBXNativeTarget "Clipboard HistoryTests" */;
			buildPhases = (
				40BC13122E370D4200EEDF35 /* Sources */,
				40BC13132E370D4200EEDF35 /* Frameworks */,
				40BC13142E370D4200EEDF35 /* Resources */,
			);
			buildRules = (
			);
			dependencies = (
				40BC13182E370D4200EEDF35 /* PBXTargetDependency */,
			);
			fileSystemSynchronizedGroups = (
				40BC13192E370D4200EEDF35 /* Team Airavata HubTests */,
			);
			name = "Clipboard HistoryTests";
			packageProductDependencies = (
			);
			productName = "Team Airavata HubTests";
			productReference = 40BC13162E370D4200EEDF35 /* Clipboard HistoryTests.xctest */;
			productType = "com.apple.product-type.bundle.unit-test";
		};
		40BC131F2E370D4200EEDF35 /* Clipboard HistoryUITests */ = {
			isa = PBXNativeTarget;
			buildConfigurationList = 40BC13302E370D4200EEDF35 /* Build configuration list for PBXNativeTarget "Clipboard HistoryUITests" */;
			buildPhases = (
				40BC131C2E370D4200EEDF35 /* Sources */,
				40BC131D2E370D4200EEDF35 /* Frameworks */,
				40BC131E2E370D4200EEDF35 /* Resources */,
			);
			buildRules = (
			);
			dependencies = (
				40BC13222E370D4200EEDF35 /* PBXTargetDependency */,
			);
			fileSystemSynchronizedGroups = (
				40BC13232E370D4200EEDF35 /* Team Airavata HubUITests */,
			);
			name = "Clipboard HistoryUITests";
			packageProductDependencies = (
			);
			productName = "Team Airavata HubUITests";
			productReference = 40BC13202E370D4200EEDF35 /* Clipboard HistoryUITests.xctest */;
			productType = "com.apple.product-type.bundle.ui-testing";
		};
/* End PBXNativeTarget section */

/* Begin PBXProject section */
		40BC12FE2E370D4000EEDF35 /* Project object */ = {
			isa = PBXProject;
			attributes = {
				BuildIndependentTargetsInParallel = 1;
				LastSwiftUpdateCheck = 1630;
				LastUpgradeCheck = 1630;
				TargetAttributes = {
					40BC13052E370D4000EEDF35 = {
						CreatedOnToolsVersion = 16.3;
					};
					40BC13152E370D4200EEDF35 = {
						CreatedOnToolsVersion = 16.3;
						TestTargetID = 40BC13052E370D4000EEDF35;
					};
					40BC131F2E370D4200EEDF35 = {
						CreatedOnToolsVersion = 16.3;
						TestTargetID = 40BC13052E370D4000EEDF35;
					};
				};
			};
			buildConfigurationList = 40BC13012E370D4000EEDF35 /* Build configuration list for PBXProject "Clipboard History" */;
			developmentRegion = en;
			hasScannedForEncodings = 0;
			knownRegions = (
				en,
				Base,
			);
			mainGroup = 40BC12FD2E370D4000EEDF35;
			minimizedProjectReferenceProxies = 1;
			preferredProjectObjectVersion = 77;
			productRefGroup = 40BC13072E370D4000EEDF35 /* Products */;
			projectDirPath = "";
			projectRoot = "";
			targets = (
				40BC13052E370D4000EEDF35 /* Clipboard History */,
				40BC13152E370D4200EEDF35 /* Clipboard HistoryTests */,
				40BC131F2E370D4200EEDF35 /* Clipboard HistoryUITests */,
			);
		};
/* End PBXProject section */

/* Begin PBXResourcesBuildPhase section */
		40BC13042E370D4000EEDF35 /* Resources */ = {
			isa = PBXResourcesBuildPhase;
			buildActionMask = 2147483647;
			files = (
			);
			runOnlyForDeploymentPostprocessing = 0;
		};
		40BC13142E370D4200EEDF35 /* Resources */ = {
			isa = PBXResourcesBuildPhase;
			buildActionMask = 2147483647;
			files = (
			);
			runOnlyForDeploymentPostprocessing = 0;
		};
		40BC131E2E370D4200EEDF35 /* Resources */ = {
			isa = PBXResourcesBuildPhase;
			buildActionMask = 2147483647;
			files = (
			);
			runOnlyForDeploymentPostprocessing = 0;
		};
/* End PBXResourcesBuildPhase section */

/* Begin PBXSourcesBuildPhase section */
		40BC13022E370D4000EEDF35 /* Sources */ = {
			isa = PBXSourcesBuildPhase;
			buildActionMask = 2147483647;
			files = (
			);
			runOnlyForDeploymentPostprocessing = 0;
		};
		40BC13122E370D4200EEDF35 /* Sources */ = {
			isa = PBXSourcesBuildPhase;
			buildActionMask = 2147483647;
			files = (
			);
			runOnlyForDeploymentPostprocessing = 0;
		};
		40BC131C2E370D4200EEDF35 /* Sources */ = {
			isa = PBXSourcesBuildPhase;
			buildActionMask = 2147483647;
			files = (
			);
			runOnlyForDeploymentPostprocessing = 0;
		};
/* End PBXSourcesBuildPhase section */

/* Begin PBXTargetDependency section */
		40BC13182E370D4200EEDF35 /* PBXTargetDependency */ = {
			isa = PBXTargetDependency;
			target = 40BC13052E370D4000EEDF35 /* Clipboard History */;
			targetProxy = 40BC13172E370D4200EEDF35 /* PBXContainerItemProxy */;
		};
		40BC13222E370D4200EEDF35 /* PBXTargetDependency */ = {
			isa = PBXTargetDependency;
			target = 40BC13052E370D4000EEDF35 /* Clipboard History */;
			targetProxy = 40BC13212E370D4200EEDF35 /* PBXContainerItemProxy */;
		};
/* End PBXTargetDependency section */

/* Begin XCBuildConfiguration section */
		40BC13282E370D4200EEDF35 /* Debug */ = {
			isa = XCBuildConfiguration;
			buildSettings = {
				ALWAYS_SEARCH_USER_PATHS = NO;
				ASSETCATALOG_COMPILER_GENERATE_SWIFT_ASSET_SYMBOL_EXTENSIONS = YES;
				CLANG_ANALYZER_NONNULL = YES;
				CLANG_ANALYZER_NUMBER_OBJECT_CONVERSION = YES_AGGRESSIVE;
				CLANG_CXX_LANGUAGE_STANDARD = "gnu++20";
				CLANG_ENABLE_MODULES = YES;
				CLANG_ENABLE_OBJC_ARC = YES;
				CLANG_ENABLE_OBJC_WEAK = YES;
				CLANG_WARN_BLOCK_CAPTURE_AUTORELEASING = YES;
				CLANG_WARN_BOOL_CONVERSION = YES;
				CLANG_WARN_COMMA = YES;
				CLANG_WARN_CONSTANT_CONVERSION = YES;
				CLANG_WARN_DEPRECATED_OBJC_IMPLEMENTATIONS = YES;
				CLANG_WARN_DIRECT_OBJC_ISA_USAGE = YES_ERROR;
				CLANG_WARN_DOCUMENTATION_COMMENTS = YES;
				CLANG_WARN_EMPTY_BODY = YES;
				CLANG_WARN_ENUM_CONVERSION = YES;
				CLANG_WARN_INFINITE_RECURSION = YES;
				CLANG_WARN_INT_CONVERSION = YES;
				CLANG_WARN_NON_LITERAL_NULL_CONVERSION = YES;
				CLANG_WARN_OBJC_IMPLICIT_RETAIN_SELF = YES;
				CLANG_WARN_OBJC_LITERAL_CONVERSION = YES;
				CLANG_WARN_OBJC_ROOT_CLASS = YES_ERROR;
				CLANG_WARN_QUOTED_INCLUDE_IN_FRAMEWORK_HEADER = YES;
				CLANG_WARN_RANGE_LOOP_ANALYSIS = YES;
				CLANG_WARN_STRICT_PROTOTYPES = YES;
				CLANG_WARN_SUSPICIOUS_MOVE = YES;
				CLANG_WARN_UNGUARDED_AVAILABILITY = YES_AGGRESSIVE;
				CLANG_WARN_UNREACHABLE_CODE = YES;
				CLANG_WARN__DUPLICATE_METHOD_MATCH = YES;
				COPY_PHASE_STRIP = NO;
				DEBUG_INFORMATION_FORMAT = dwarf;
				DEVELOPMENT_TEAM = 27KZLCS8Y4;
				ENABLE_STRICT_OBJC_MSGSEND = YES;
				ENABLE_TESTABILITY = YES;
				ENABLE_USER_SCRIPT_SANDBOXING = YES;
				GCC_C_LANGUAGE_STANDARD = gnu17;
				GCC_DYNAMIC_NO_PIC = NO;
				GCC_NO_COMMON_BLOCKS = YES;
				GCC_OPTIMIZATION_LEVEL = 0;
				GCC_PREPROCESSOR_DEFINITIONS = (
					"DEBUG=1",
					"$(inherited)",
				);
				GCC_WARN_64_TO_32_BIT_CONVERSION = YES;
				GCC_WARN_ABOUT_RETURN_TYPE = YES_ERROR;
				GCC_WARN_UNDECLARED_SELECTOR = YES;
				GCC_WARN_UNINITIALIZED_AUTOS = YES_AGGRESSIVE;
				GCC_WARN_UNUSED_FUNCTION = YES;
				GCC_WARN_UNUSED_VARIABLE = YES;
				LOCALIZATION_PREFERS_STRING_CATALOGS = YES;
				MACOSX_DEPLOYMENT_TARGET = 15.4;
				MTL_ENABLE_DEBUG_INFO = INCLUDE_SOURCE;
				MTL_FAST_MATH = YES;
				ONLY_ACTIVE_ARCH = YES;
				SDKROOT = macosx;
				SWIFT_ACTIVE_COMPILATION_CONDITIONS = "DEBUG $(inherited)";
				SWIFT_OPTIMIZATION_LEVEL = "-Onone";
			};
			name = Debug;
		};
		40BC13292E370D4200EEDF35 /* Release */ = {
			isa = XCBuildConfiguration;
			buildSettings = {
				ALWAYS_SEARCH_USER_PATHS = NO;
				ASSETCATALOG_COMPILER_GENERATE_SWIFT_ASSET_SYMBOL_EXTENSIONS = YES;
				CLANG_ANALYZER_NONNULL = YES;
				CLANG_ANALYZER_NUMBER_OBJECT_CONVERSION = YES_AGGRESSIVE;
				CLANG_CXX_LANGUAGE_STANDARD = "gnu++20";
				CLANG_ENABLE_MODULES = YES;
				CLANG_ENABLE_OBJC_ARC = YES;
				CLANG_ENABLE_OBJC_WEAK = YES;
				CLANG_WARN_BLOCK_CAPTURE_AUTORELEASING = YES;
				CLANG_WARN_BOOL_CONVERSION = YES;
				CLANG_WARN_COMMA = YES;
				CLANG_WARN_CONSTANT_CONVERSION = YES;
				CLANG_WARN_DEPRECATED_OBJC_IMPLEMENTATIONS = YES;
				CLANG_WARN_DIRECT_OBJC_ISA_USAGE = YES_ERROR;
				CLANG_WARN_DOCUMENTATION_COMMENTS = YES;
				CLANG_WARN_EMPTY_BODY = YES;
				CLANG_WARN_ENUM_CONVERSION = YES;
				CLANG_WARN_INFINITE_RECURSION = YES;
				CLANG_WARN_INT_CONVERSION = YES;
				CLANG_WARN_NON_LITERAL_NULL_CONVERSION = YES;
				CLANG_WARN_OBJC_IMPLICIT_RETAIN_SELF = YES;
				CLANG_WARN_OBJC_LITERAL_CONVERSION = YES;
				CLANG_WARN_OBJC_ROOT_CLASS = YES_ERROR;
				CLANG_WARN_QUOTED_INCLUDE_IN_FRAMEWORK_HEADER = YES;
				CLANG_WARN_RANGE_LOOP_ANALYSIS = YES;
				CLANG_WARN_STRICT_PROTOTYPES = YES;
				CLANG_WARN_SUSPICIOUS_MOVE = YES;
				CLANG_WARN_UNGUARDED_AVAILABILITY = YES_AGGRESSIVE;
				CLANG_WARN_UNREACHABLE_CODE = YES;
				CLANG_WARN__DUPLICATE_METHOD_MATCH = YES;
				COPY_PHASE_STRIP = NO;
				DEBUG_INFORMATION_FORMAT = "dwarf-with-dsym";
				DEVELOPMENT_TEAM = 27KZLCS8Y4;
				ENABLE_NS_ASSERTIONS = NO;
				ENABLE_STRICT_OBJC_MSGSEND = YES;
				ENABLE_USER_SCRIPT_SANDBOXING = YES;
				GCC_C_LANGUAGE_STANDARD = gnu17;
				GCC_NO_COMMON_BLOCKS = YES;
				GCC_WARN_64_TO_32_BIT_CONVERSION = YES;
				GCC_WARN_ABOUT_RETURN_TYPE = YES_ERROR;
				GCC_WARN_UNDECLARED_SELECTOR = YES;
				GCC_WARN_UNINITIALIZED_AUTOS = YES_AGGRESSIVE;
				GCC_WARN_UNUSED_FUNCTION = YES;
				GCC_WARN_UNUSED_VARIABLE = YES;
				LOCALIZATION_PREFERS_STRING_CATALOGS = YES;
				MACOSX_DEPLOYMENT_TARGET = 15.4;
				MTL_ENABLE_DEBUG_INFO = NO;
				MTL_FAST_MATH = YES;
				SDKROOT = macosx;
				SWIFT_COMPILATION_MODE = wholemodule;
			};
			name = Release;
		};
		40BC132B2E370D4200EEDF35 /* Debug */ = {
			isa = XCBuildConfiguration;
			buildSettings = {
				ASSETCATALOG_COMPILER_APPICON_NAME = AppIcon;
				ASSETCATALOG_COMPILER_GLOBAL_ACCENT_COLOR_NAME = AccentColor;
				CODE_SIGN_ENTITLEMENTS = "Team Airavata Hub/Team_Airavata_Hub.entitlements";
				CODE_SIGN_STYLE = Automatic;
				COMBINE_HIDPI_IMAGES = YES;
				CURRENT_PROJECT_VERSION = 1;
				DEVELOPMENT_TEAM = 27KZLCS8Y4;
				EMBED_ASSET_PACKS_IN_PRODUCT_BUNDLE = YES;
				ENABLE_HARDENED_RUNTIME = YES;
				ENABLE_ON_DEMAND_RESOURCES = NO;
				ENABLE_PREVIEWS = YES;
				GENERATE_INFOPLIST_FILE = YES;
				INFOPLIST_KEY_NSHumanReadableCopyright = "";
				LD_RUNPATH_SEARCH_PATHS = (
					"$(inherited)",
					"@executable_path/../Frameworks",
				);
				MACOSX_DEPLOYMENT_TARGET = 14.0;
				MARKETING_VERSION = 1.0;
				PRODUCT_BUNDLE_IDENTIFIER = "com.itshivam.team.Team-Airavata-Hub";
				PRODUCT_NAME = "$(TARGET_NAME)";
				REGISTER_APP_GROUPS = YES;
				SWIFT_EMIT_LOC_STRINGS = YES;
				SWIFT_VERSION = 5.0;
			};
			name = Debug;
		};
		40BC132C2E370D4200EEDF35 /* Release */ = {
			isa = XCBuildConfiguration;
			buildSettings = {
				ASSETCATALOG_COMPILER_APPICON_NAME = AppIcon;
				ASSETCATALOG_COMPILER_GLOBAL_ACCENT_COLOR_NAME = AccentColor;
				CODE_SIGN_ENTITLEMENTS = "Team Airavata Hub/Team_Airavata_Hub.entitlements";
				CODE_SIGN_STYLE = Automatic;
				COMBINE_HIDPI_IMAGES = YES;
				CURRENT_PROJECT_VERSION = 1;
				DEVELOPMENT_TEAM = 27KZLCS8Y4;
				EMBED_ASSET_PACKS_IN_PRODUCT_BUNDLE = YES;
				ENABLE_HARDENED_RUNTIME = YES;
				ENABLE_ON_DEMAND_RESOURCES = NO;
				ENABLE_PREVIEWS = YES;
				GENERATE_INFOPLIST_FILE = YES;
				INFOPLIST_KEY_NSHumanReadableCopyright = "";
				LD_RUNPATH_SEARCH_PATHS = (
					"$(inherited)",
					"@executable_path/../Frameworks",
				);
				MACOSX_DEPLOYMENT_TARGET = 14.0;
				MARKETING_VERSION = 1.0;
				PRODUCT_BUNDLE_IDENTIFIER = "com.itshivam.team.Team-Airavata-Hub";
				PRODUCT_NAME = "$(TARGET_NAME)";
				REGISTER_APP_GROUPS = YES;
				SWIFT_EMIT_LOC_STRINGS = YES;
				SWIFT_VERSION = 5.0;
			};
			name = Release;
		};
		40BC132E2E370D4200EEDF35 /* Debug */ = {
			isa = XCBuildConfiguration;
			buildSettings = {
				BUNDLE_LOADER = "$(TEST_HOST)";
				CODE_SIGN_STYLE = Automatic;
				CURRENT_PROJECT_VERSION = 1;
				DEVELOPMENT_TEAM = 27KZLCS8Y4;
				GENERATE_INFOPLIST_FILE = YES;
				MACOSX_DEPLOYMENT_TARGET = 14.0;
				MARKETING_VERSION = 1.0;
				PRODUCT_BUNDLE_IDENTIFIER = "com.itshivam.team.Team-Airavata-HubTests";
				PRODUCT_NAME = "$(TARGET_NAME)";
				SWIFT_EMIT_LOC_STRINGS = NO;
				SWIFT_VERSION = 5.0;
				TEST_HOST = "$(BUILT_PRODUCTS_DIR)/Clipboard History.app/$(BUNDLE_EXECUTABLE_FOLDER_PATH)/Clipboard History";
			};
			name = Debug;
		};
		40BC132F2E370D4200EEDF35 /* Release */ = {
			isa = XCBuildConfiguration;
			buildSettings = {
				BUNDLE_LOADER = "$(TEST_HOST)";
				CODE_SIGN_STYLE = Automatic;
				CURRENT_PROJECT_VERSION = 1;
				DEVELOPMENT_TEAM = 27KZLCS8Y4;
				GENERATE_INFOPLIST_FILE = YES;
				MACOSX_DEPLOYMENT_TARGET = 14.0;
				MARKETING_VERSION = 1.0;
				PRODUCT_BUNDLE_IDENTIFIER = "com.itshivam.team.Team-Airavata-HubTests";
				PRODUCT_NAME = "$(TARGET_NAME)";
				SWIFT_EMIT_LOC_STRINGS = NO;
				SWIFT_VERSION = 5.0;
				TEST_HOST = "$(BUILT_PRODUCTS_DIR)/Clipboard History.app/$(BUNDLE_EXECUTABLE_FOLDER_PATH)/Clipboard History";
			};
			name = Release;
		};
		40BC13312E370D4200EEDF35 /* Debug */ = {
			isa = XCBuildConfiguration;
			buildSettings = {
				CODE_SIGN_STYLE = Automatic;
				CURRENT_PROJECT_VERSION = 1;
				DEVELOPMENT_TEAM = 27KZLCS8Y4;
				GENERATE_INFOPLIST_FILE = YES;
				MARKETING_VERSION = 1.0;
				PRODUCT_BUNDLE_IDENTIFIER = "com.itshivam.team.Team-Airavata-HubUITests";
				PRODUCT_NAME = "$(TARGET_NAME)";
				SWIFT_EMIT_LOC_STRINGS = NO;
				SWIFT_VERSION = 5.0;
				TEST_TARGET_NAME = "Team Airavata Hub";
			};
			name = Debug;
		};
		40BC13322E370D4200EEDF35 /* Release */ = {
			isa = XCBuildConfiguration;
			buildSettings = {
				CODE_SIGN_STYLE = Automatic;
				CURRENT_PROJECT_VERSION = 1;
				DEVELOPMENT_TEAM = 27KZLCS8Y4;
				GENERATE_INFOPLIST_FILE = YES;
				MARKETING_VERSION = 1.0;
				PRODUCT_BUNDLE_IDENTIFIER = "com.itshivam.team.Team-Airavata-HubUITests";
				PRODUCT_NAME = "$(TARGET_NAME)";
				SWIFT_EMIT_LOC_STRINGS = NO;
				SWIFT_VERSION = 5.0;
				TEST_TARGET_NAME = "Team Airavata Hub";
			};
			name = Release;
		};
/* End XCBuildConfiguration section */

/* Begin XCConfigurationList section */
		40BC13012E370D4000EEDF35 /* Build configuration list for PBXProject "Clipboard History" */ = {
			isa = XCConfigurationList;
			buildConfigurations = (
				40BC13282E370D4200EEDF35 /* Debug */,
				40BC13292E370D4200EEDF35 /* Release */,
			);
			defaultConfigurationIsVisible = 0;
			defaultConfigurationName = Release;
		};
		40BC132A2E370D4200EEDF35 /* Build configuration list for PBXNativeTarget "Clipboard History" */ = {
			isa = XCConfigurationList;
			buildConfigurations = (
				40BC132B2E370D4200EEDF35 /* Debug */,
				40BC132C2E370D4200EEDF35 /* Release */,
			);
			defaultConfigurationIsVisible = 0;
			defaultConfigurationName = Release;
		};
		40BC132D2E370D4200EEDF35 /* Build configuration list for PBXNativeTarget "Clipboard HistoryTests" */ = {
			isa = XCConfigurationList;
			buildConfigurations = (
				40BC132E2E370D4200EEDF35 /* Debug */,
				40BC132F2E370D4200EEDF35 /* Release */,
			);
			defaultConfigurationIsVisible = 0;
			defaultConfigurationName = Release;
		};
		40BC13302E370D4200EEDF35 /* Build configuration list for PBXNativeTarget "Clipboard HistoryUITests" */ = {
			isa = XCConfigurationList;
			buildConfigurations = (
				40BC13312E370D4200EEDF35 /* Debug */,
				40BC13322E370D4200EEDF35 /* Release */,
			);
			defaultConfigurationIsVisible = 0;
			defaultConfigurationName = Release;
		};
/* End XCConfigurationList section */
	};
	rootObject = 40BC12FE2E370D4000EEDF35 /* Project object */;
}
